// !$*UTF8*$!
{
	archiveVersion = 1;
	classes = {
	};
	objectVersion = 56;
	objects = {

/* Begin PBXBuildFile section */
		FB810FCC2ABD852000688AF7 /* ParallaxCarouselHScrollView.swift in Sources */ = {isa = PBXBuildFile; fileRef = FB810FCB2ABD852000688AF7 /* ParallaxCarouselHScrollView.swift */; };
		FB810FCF2ABD8D3C00688AF7 /* HoneymoonData.swift in Sources */ = {isa = PBXBuildFile; fileRef = FB810FCE2ABD8D3C00688AF7 /* HoneymoonData.swift */; };
		FB810FD12ABD8D6300688AF7 /* HoneymoonModel.swift in Sources */ = {isa = PBXBuildFile; fileRef = FB810FD02ABD8D6300688AF7 /* HoneymoonModel.swift */; };
		FBC5DEB92AA579C500B29CFD /* CookBookSwiftUIApp.swift in Sources */ = {isa = PBXBuildFile; fileRef = FBC5DEB82AA579C500B29CFD /* CookBookSwiftUIApp.swift */; };
		FBC5DEBB2AA579C500B29CFD /* ContentView.swift in Sources */ = {isa = PBXBuildFile; fileRef = FBC5DEBA2AA579C500B29CFD /* ContentView.swift */; };
		FBC5DEBD2AA579C700B29CFD /* Assets.xcassets in Resources */ = {isa = PBXBuildFile; fileRef = FBC5DEBC2AA579C700B29CFD /* Assets.xcassets */; };
		FBC5DEC02AA579C700B29CFD /* Preview Assets.xcassets in Resources */ = {isa = PBXBuildFile; fileRef = FBC5DEBF2AA579C700B29CFD /* Preview Assets.xcassets */; };
		FBC5DEC82AA57A5300B29CFD /* TabViewExtension+Modifier.swift in Sources */ = {isa = PBXBuildFile; fileRef = FBC5DEC72AA57A5300B29CFD /* TabViewExtension+Modifier.swift */; };
		FBC5DECD2AA5807000B29CFD /* Constants.swift in Sources */ = {isa = PBXBuildFile; fileRef = FBC5DECC2AA5807000B29CFD /* Constants.swift */; };
		FBC5DECF2AA5860000B29CFD /* MenuItemView.swift in Sources */ = {isa = PBXBuildFile; fileRef = FBC5DECE2AA5860000B29CFD /* MenuItemView.swift */; };
		FBC5DED12AA5889500B29CFD /* TextExtension+Modifier.swift in Sources */ = {isa = PBXBuildFile; fileRef = FBC5DED02AA5889500B29CFD /* TextExtension+Modifier.swift */; };
		FBC5DED32AA58BF200B29CFD /* AppleBottomSheetView.swift in Sources */ = {isa = PBXBuildFile; fileRef = FBC5DED22AA58BF200B29CFD /* AppleBottomSheetView.swift */; };
		FBC5DED72AA5936B00B29CFD /* Tab.swift in Sources */ = {isa = PBXBuildFile; fileRef = FBC5DED62AA5936B00B29CFD /* Tab.swift */; };
		FBC5DED92AA5938200B29CFD /* WindowSharedModel.swift in Sources */ = {isa = PBXBuildFile; fileRef = FBC5DED82AA5938200B29CFD /* WindowSharedModel.swift */; };
/* End PBXBuildFile section */

/* Begin PBXFileReference section */
		FB810FCB2ABD852000688AF7 /* ParallaxCarouselHScrollView.swift */ = {isa = PBXFileReference; lastKnownFileType = sourcecode.swift; path = ParallaxCarouselHScrollView.swift; sourceTree = "<group>"; };
		FB810FCE2ABD8D3C00688AF7 /* HoneymoonData.swift */ = {isa = PBXFileReference; lastKnownFileType = sourcecode.swift; path = HoneymoonData.swift; sourceTree = "<group>"; };
		FB810FD02ABD8D6300688AF7 /* HoneymoonModel.swift */ = {isa = PBXFileReference; lastKnownFileType = sourcecode.swift; path = HoneymoonModel.swift; sourceTree = "<group>"; };
		FBC5DEB52AA579C500B29CFD /* CookBookSwiftUI.app */ = {isa = PBXFileReference; explicitFileType = wrapper.application; includeInIndex = 0; path = CookBookSwiftUI.app; sourceTree = BUILT_PRODUCTS_DIR; };
		FBC5DEB82AA579C500B29CFD /* CookBookSwiftUIApp.swift */ = {isa = PBXFileReference; lastKnownFileType = sourcecode.swift; path = CookBookSwiftUIApp.swift; sourceTree = "<group>"; };
		FBC5DEBA2AA579C500B29CFD /* ContentView.swift */ = {isa = PBXFileReference; lastKnownFileType = sourcecode.swift; path = ContentView.swift; sourceTree = "<group>"; };
		FBC5DEBC2AA579C700B29CFD /* Assets.xcassets */ = {isa = PBXFileReference; lastKnownFileType = folder.assetcatalog; path = Assets.xcassets; sourceTree = "<group>"; };
		FBC5DEBF2AA579C700B29CFD /* Preview Assets.xcassets */ = {isa = PBXFileReference; lastKnownFileType = folder.assetcatalog; path = "Preview Assets.xcassets"; sourceTree = "<group>"; };
		FBC5DEC72AA57A5300B29CFD /* TabViewExtension+Modifier.swift */ = {isa = PBXFileReference; lastKnownFileType = sourcecode.swift; path = "TabViewExtension+Modifier.swift"; sourceTree = "<group>"; };
		FBC5DECC2AA5807000B29CFD /* Constants.swift */ = {isa = PBXFileReference; lastKnownFileType = sourcecode.swift; path = Constants.swift; sourceTree = "<group>"; };
		FBC5DECE2AA5860000B29CFD /* MenuItemView.swift */ = {isa = PBXFileReference; lastKnownFileType = sourcecode.swift; path = MenuItemView.swift; sourceTree = "<group>"; };
		FBC5DED02AA5889500B29CFD /* TextExtension+Modifier.swift */ = {isa = PBXFileReference; lastKnownFileType = sourcecode.swift; path = "TextExtension+Modifier.swift"; sourceTree = "<group>"; };
		FBC5DED22AA58BF200B29CFD /* AppleBottomSheetView.swift */ = {isa = PBXFileReference; lastKnownFileType = sourcecode.swift; path = AppleBottomSheetView.swift; sourceTree = "<group>"; };
		FBC5DED62AA5936B00B29CFD /* Tab.swift */ = {isa = PBXFileReference; lastKnownFileType = sourcecode.swift; path = Tab.swift; sourceTree = "<group>"; };
		FBC5DED82AA5938200B29CFD /* WindowSharedModel.swift */ = {isa = PBXFileReference; lastKnownFileType = sourcecode.swift; path = WindowSharedModel.swift; sourceTree = "<group>"; };
/* End PBXFileReference section */

/* Begin PBXFrameworksBuildPhase section */
		FBC5DEB22AA579C500B29CFD /* Frameworks */ = {
			isa = PBXFrameworksBuildPhase;
			buildActionMask = 2147483647;
			files = (
			);
			runOnlyForDeploymentPostprocessing = 0;
		};
/* End PBXFrameworksBuildPhase section */

/* Begin PBXGroup section */
		FB810FC82ABD835200688AF7 /* Routers */ = {
			isa = PBXGroup;
			children = (
			);
			path = Routers;
			sourceTree = "<group>";
		};
		FB810FCD2ABD8D2B00688AF7 /* Datas */ = {
			isa = PBXGroup;
			children = (
				FB810FCE2ABD8D3C00688AF7 /* HoneymoonData.swift */,
			);
			path = Datas;
			sourceTree = "<group>";
		};
		FBC5DEAC2AA579C500B29CFD = {
			isa = PBXGroup;
			children = (
				FBC5DEB72AA579C500B29CFD /* CookBookSwiftUI */,
				FBC5DEB62AA579C500B29CFD /* Products */,
			);
			sourceTree = "<group>";
		};
		FBC5DEB62AA579C500B29CFD /* Products */ = {
			isa = PBXGroup;
			children = (
				FBC5DEB52AA579C500B29CFD /* CookBookSwiftUI.app */,
			);
			name = Products;
			sourceTree = "<group>";
		};
		FBC5DEB72AA579C500B29CFD /* CookBookSwiftUI */ = {
			isa = PBXGroup;
			children = (
				FBC5DEBC2AA579C700B29CFD /* Assets.xcassets */,
				FBC5DEB82AA579C500B29CFD /* CookBookSwiftUIApp.swift */,
				FBC5DECA2AA57FDC00B29CFD /* AppView */,
				FBC5DECB2AA57FE400B29CFD /* Views */,
				FBC5DED52AA5935300B29CFD /* ViewModels */,
				FBC5DED42AA5934E00B29CFD /* Models */,
				FB810FC82ABD835200688AF7 /* Routers */,
				FBC5DEC92AA57FCD00B29CFD /* Helpers */,
				FBC5DEC62AA57A2500B29CFD /* Extensions */,
				FBC5DEBE2AA579C700B29CFD /* Preview Content */,
			);
			path = CookBookSwiftUI;
			sourceTree = "<group>";
		};
		FBC5DEBE2AA579C700B29CFD /* Preview Content */ = {
			isa = PBXGroup;
			children = (
				FBC5DEBF2AA579C700B29CFD /* Preview Assets.xcassets */,
			);
			path = "Preview Content";
			sourceTree = "<group>";
		};
		FBC5DEC62AA57A2500B29CFD /* Extensions */ = {
			isa = PBXGroup;
			children = (
				FBC5DEC72AA57A5300B29CFD /* TabViewExtension+Modifier.swift */,
				FBC5DED02AA5889500B29CFD /* TextExtension+Modifier.swift */,
			);
			path = Extensions;
			sourceTree = "<group>";
		};
		FBC5DEC92AA57FCD00B29CFD /* Helpers */ = {
			isa = PBXGroup;
			children = (
				FB810FCD2ABD8D2B00688AF7 /* Datas */,
				FBC5DECC2AA5807000B29CFD /* Constants.swift */,
			);
			path = Helpers;
			sourceTree = "<group>";
		};
		FBC5DECA2AA57FDC00B29CFD /* AppView */ = {
			isa = PBXGroup;
			children = (
				FBC5DEBA2AA579C500B29CFD /* ContentView.swift */,
				FBC5DED22AA58BF200B29CFD /* AppleBottomSheetView.swift */,
				FB810FCB2ABD852000688AF7 /* ParallaxCarouselHScrollView.swift */,
			);
			path = AppView;
			sourceTree = "<group>";
		};
		FBC5DECB2AA57FE400B29CFD /* Views */ = {
			isa = PBXGroup;
			children = (
				FBC5DECE2AA5860000B29CFD /* MenuItemView.swift */,
			);
			path = Views;
			sourceTree = "<group>";
		};
		FBC5DED42AA5934E00B29CFD /* Models */ = {
			isa = PBXGroup;
			children = (
				FBC5DED62AA5936B00B29CFD /* Tab.swift */,
				FBC5DED82AA5938200B29CFD /* WindowSharedModel.swift */,
				FB810FD02ABD8D6300688AF7 /* HoneymoonModel.swift */,
			);
			path = Models;
			sourceTree = "<group>";
		};
		FBC5DED52AA5935300B29CFD /* ViewModels */ = {
			isa = PBXGroup;
			children = (
			);
			path = ViewModels;
			sourceTree = "<group>";
		};
/* End PBXGroup section */

/* Begin PBXNativeTarget section */
		FBC5DEB42AA579C500B29CFD /* CookBookSwiftUI */ = {
			isa = PBXNativeTarget;
			buildConfigurationList = FBC5DEC32AA579C700B29CFD /* Build configuration list for PBXNativeTarget "CookBookSwiftUI" */;
			buildPhases = (
				FBC5DEB12AA579C500B29CFD /* Sources */,
				FBC5DEB22AA579C500B29CFD /* Frameworks */,
				FBC5DEB32AA579C500B29CFD /* Resources */,
			);
			buildRules = (
			);
			dependencies = (
			);
			name = CookBookSwiftUI;
			productName = CookBookSwiftUI;
			productReference = FBC5DEB52AA579C500B29CFD /* CookBookSwiftUI.app */;
			productType = "com.apple.product-type.application";
		};
/* End PBXNativeTarget section */

/* Begin PBXProject section */
		FBC5DEAD2AA579C500B29CFD /* Project object */ = {
			isa = PBXProject;
			attributes = {
				BuildIndependentTargetsInParallel = 1;
				LastSwiftUpdateCheck = 1430;
				LastUpgradeCheck = 1430;
				TargetAttributes = {
					FBC5DEB42AA579C500B29CFD = {
						CreatedOnToolsVersion = 14.3.1;
					};
				};
			};
			buildConfigurationList = FBC5DEB02AA579C500B29CFD /* Build configuration list for PBXProject "CookBookSwiftUI" */;
			compatibilityVersion = "Xcode 14.0";
			developmentRegion = en;
			hasScannedForEncodings = 0;
			knownRegions = (
				en,
				Base,
			);
			mainGroup = FBC5DEAC2AA579C500B29CFD;
			productRefGroup = FBC5DEB62AA579C500B29CFD /* Products */;
			projectDirPath = "";
			projectRoot = "";
			targets = (
				FBC5DEB42AA579C500B29CFD /* CookBookSwiftUI */,
			);
		};
/* End PBXProject section */

/* Begin PBXResourcesBuildPhase section */
		FBC5DEB32AA579C500B29CFD /* Resources */ = {
			isa = PBXResourcesBuildPhase;
			buildActionMask = 2147483647;
			files = (
				FBC5DEC02AA579C700B29CFD /* Preview Assets.xcassets in Resources */,
				FBC5DEBD2AA579C700B29CFD /* Assets.xcassets in Resources */,
			);
			runOnlyForDeploymentPostprocessing = 0;
		};
/* End PBXResourcesBuildPhase section */

/* Begin PBXSourcesBuildPhase section */
		FBC5DEB12AA579C500B29CFD /* Sources */ = {
			isa = PBXSourcesBuildPhase;
			buildActionMask = 2147483647;
			files = (
				FB810FD12ABD8D6300688AF7 /* HoneymoonModel.swift in Sources */,
				FBC5DED32AA58BF200B29CFD /* AppleBottomSheetView.swift in Sources */,
				FBC5DEBB2AA579C500B29CFD /* ContentView.swift in Sources */,
				FBC5DEC82AA57A5300B29CFD /* TabViewExtension+Modifier.swift in Sources */,
				FBC5DED92AA5938200B29CFD /* WindowSharedModel.swift in Sources */,
				FBC5DED72AA5936B00B29CFD /* Tab.swift in Sources */,
				FBC5DEB92AA579C500B29CFD /* CookBookSwiftUIApp.swift in Sources */,
				FBC5DECD2AA5807000B29CFD /* Constants.swift in Sources */,
				FB810FCF2ABD8D3C00688AF7 /* HoneymoonData.swift in Sources */,
				FB810FCC2ABD852000688AF7 /* ParallaxCarouselHScrollView.swift in Sources */,
				FBC5DECF2AA5860000B29CFD /* MenuItemView.swift in Sources */,
				FBC5DED12AA5889500B29CFD /* TextExtension+Modifier.swift in Sources */,
			);
			runOnlyForDeploymentPostprocessing = 0;
		};
/* End PBXSourcesBuildPhase section */

/* Begin XCBuildConfiguration section */
		FBC5DEC12AA579C700B29CFD /* Debug */ = {
			isa = XCBuildConfiguration;
			buildSettings = {
				ALWAYS_SEARCH_USER_PATHS = NO;
				CLANG_ANALYZER_NONNULL = YES;
				CLANG_ANALYZER_NUMBER_OBJECT_CONVERSION = YES_AGGRESSIVE;
				CLANG_CXX_LANGUAGE_STANDARD = "gnu++20";
				CLANG_ENABLE_MODULES = YES;
				CLANG_ENABLE_OBJC_ARC = YES;
				CLANG_ENABLE_OBJC_WEAK = YES;
				CLANG_WARN_BLOCK_CAPTURE_AUTORELEASING = YES;
				CLANG_WARN_BOOL_CONVERSION = YES;
				CLANG_WARN_COMMA = YES;
				CLANG_WARN_CONSTANT_CONVERSION = YES;
				CLANG_WARN_DEPRECATED_OBJC_IMPLEMENTATIONS = YES;
				CLANG_WARN_DIRECT_OBJC_ISA_USAGE = YES_ERROR;
				CLANG_WARN_DOCUMENTATION_COMMENTS = YES;
				CLANG_WARN_EMPTY_BODY = YES;
				CLANG_WARN_ENUM_CONVERSION = YES;
				CLANG_WARN_INFINITE_RECURSION = YES;
				CLANG_WARN_INT_CONVERSION = YES;
				CLANG_WARN_NON_LITERAL_NULL_CONVERSION = YES;
				CLANG_WARN_OBJC_IMPLICIT_RETAIN_SELF = YES;
				CLANG_WARN_OBJC_LITERAL_CONVERSION = YES;
				CLANG_WARN_OBJC_ROOT_CLASS = YES_ERROR;
				CLANG_WARN_QUOTED_INCLUDE_IN_FRAMEWORK_HEADER = YES;
				CLANG_WARN_RANGE_LOOP_ANALYSIS = YES;
				CLANG_WARN_STRICT_PROTOTYPES = YES;
				CLANG_WARN_SUSPICIOUS_MOVE = YES;
				CLANG_WARN_UNGUARDED_AVAILABILITY = YES_AGGRESSIVE;
				CLANG_WARN_UNREACHABLE_CODE = YES;
				CLANG_WARN__DUPLICATE_METHOD_MATCH = YES;
				COPY_PHASE_STRIP = NO;
				DEBUG_INFORMATION_FORMAT = dwarf;
				ENABLE_STRICT_OBJC_MSGSEND = YES;
				ENABLE_TESTABILITY = YES;
				GCC_C_LANGUAGE_STANDARD = gnu11;
				GCC_DYNAMIC_NO_PIC = NO;
				GCC_NO_COMMON_BLOCKS = YES;
				GCC_OPTIMIZATION_LEVEL = 0;
				GCC_PREPROCESSOR_DEFINITIONS = (
					"DEBUG=1",
					"$(inherited)",
				);
				GCC_WARN_64_TO_32_BIT_CONVERSION = YES;
				GCC_WARN_ABOUT_RETURN_TYPE = YES_ERROR;
				GCC_WARN_UNDECLARED_SELECTOR = YES;
				GCC_WARN_UNINITIALIZED_AUTOS = YES_AGGRESSIVE;
				GCC_WARN_UNUSED_FUNCTION = YES;
				GCC_WARN_UNUSED_VARIABLE = YES;
				IPHONEOS_DEPLOYMENT_TARGET = 16.4;
				MTL_ENABLE_DEBUG_INFO = INCLUDE_SOURCE;
				MTL_FAST_MATH = YES;
				ONLY_ACTIVE_ARCH = YES;
				SDKROOT = iphoneos;
				SWIFT_ACTIVE_COMPILATION_CONDITIONS = DEBUG;
				SWIFT_OPTIMIZATION_LEVEL = "-Onone";
			};
			name = Debug;
		};
		FBC5DEC22AA579C700B29CFD /* Release */ = {
			isa = XCBuildConfiguration;
			buildSettings = {
				ALWAYS_SEARCH_USER_PATHS = NO;
				CLANG_ANALYZER_NONNULL = YES;
				CLANG_ANALYZER_NUMBER_OBJECT_CONVERSION = YES_AGGRESSIVE;
				CLANG_CXX_LANGUAGE_STANDARD = "gnu++20";
				CLANG_ENABLE_MODULES = YES;
				CLANG_ENABLE_OBJC_ARC = YES;
				CLANG_ENABLE_OBJC_WEAK = YES;
				CLANG_WARN_BLOCK_CAPTURE_AUTORELEASING = YES;
				CLANG_WARN_BOOL_CONVERSION = YES;
				CLANG_WARN_COMMA = YES;
				CLANG_WARN_CONSTANT_CONVERSION = YES;
				CLANG_WARN_DEPRECATED_OBJC_IMPLEMENTATIONS = YES;
				CLANG_WARN_DIRECT_OBJC_ISA_USAGE = YES_ERROR;
				CLANG_WARN_DOCUMENTATION_COMMENTS = YES;
				CLANG_WARN_EMPTY_BODY = YES;
				CLANG_WARN_ENUM_CONVERSION = YES;
				CLANG_WARN_INFINITE_RECURSION = YES;
				CLANG_WARN_INT_CONVERSION = YES;
				CLANG_WARN_NON_LITERAL_NULL_CONVERSION = YES;
				CLANG_WARN_OBJC_IMPLICIT_RETAIN_SELF = YES;
				CLANG_WARN_OBJC_LITERAL_CONVERSION = YES;
				CLANG_WARN_OBJC_ROOT_CLASS = YES_ERROR;
				CLANG_WARN_QUOTED_INCLUDE_IN_FRAMEWORK_HEADER = YES;
				CLANG_WARN_RANGE_LOOP_ANALYSIS = YES;
				CLANG_WARN_STRICT_PROTOTYPES = YES;
				CLANG_WARN_SUSPICIOUS_MOVE = YES;
				CLANG_WARN_UNGUARDED_AVAILABILITY = YES_AGGRESSIVE;
				CLANG_WARN_UNREACHABLE_CODE = YES;
				CLANG_WARN__DUPLICATE_METHOD_MATCH = YES;
				COPY_PHASE_STRIP = NO;
				DEBUG_INFORMATION_FORMAT = "dwarf-with-dsym";
				ENABLE_NS_ASSERTIONS = NO;
				ENABLE_STRICT_OBJC_MSGSEND = YES;
				GCC_C_LANGUAGE_STANDARD = gnu11;
				GCC_NO_COMMON_BLOCKS = YES;
				GCC_WARN_64_TO_32_BIT_CONVERSION = YES;
				GCC_WARN_ABOUT_RETURN_TYPE = YES_ERROR;
				GCC_WARN_UNDECLARED_SELECTOR = YES;
				GCC_WARN_UNINITIALIZED_AUTOS = YES_AGGRESSIVE;
				GCC_WARN_UNUSED_FUNCTION = YES;
				GCC_WARN_UNUSED_VARIABLE = YES;
				IPHONEOS_DEPLOYMENT_TARGET = 16.4;
				MTL_ENABLE_DEBUG_INFO = NO;
				MTL_FAST_MATH = YES;
				SDKROOT = iphoneos;
				SWIFT_COMPILATION_MODE = wholemodule;
				SWIFT_OPTIMIZATION_LEVEL = "-O";
				VALIDATE_PRODUCT = YES;
			};
			name = Release;
		};
		FBC5DEC42AA579C700B29CFD /* Debug */ = {
			isa = XCBuildConfiguration;
			buildSettings = {
				ASSETCATALOG_COMPILER_APPICON_NAME = AppIcon;
				ASSETCATALOG_COMPILER_GLOBAL_ACCENT_COLOR_NAME = AccentColor;
				CODE_SIGN_STYLE = Automatic;
				CURRENT_PROJECT_VERSION = 1;
				DEVELOPMENT_ASSET_PATHS = "\"CookBookSwiftUI/Preview Content\"";
				DEVELOPMENT_TEAM = 85JY49Q86S;
				ENABLE_PREVIEWS = YES;
				GENERATE_INFOPLIST_FILE = YES;
				INFOPLIST_KEY_UIApplicationSceneManifest_Generation = YES;
				INFOPLIST_KEY_UIApplicationSupportsIndirectInputEvents = YES;
				INFOPLIST_KEY_UILaunchScreen_Generation = YES;
				INFOPLIST_KEY_UISupportedInterfaceOrientations_iPad = "UIInterfaceOrientationPortrait UIInterfaceOrientationPortraitUpsideDown UIInterfaceOrientationLandscapeLeft UIInterfaceOrientationLandscapeRight";
				INFOPLIST_KEY_UISupportedInterfaceOrientations_iPhone = "UIInterfaceOrientationPortrait UIInterfaceOrientationLandscapeLeft UIInterfaceOrientationLandscapeRight";
				IPHONEOS_DEPLOYMENT_TARGET = 16.4;
				LD_RUNPATH_SEARCH_PATHS = (
					"$(inherited)",
					"@executable_path/Frameworks",
				);
				MARKETING_VERSION = 1.0;
				PRODUCT_BUNDLE_IDENTIFIER = com.papon.CookBookSwiftUI;
				PRODUCT_NAME = "$(TARGET_NAME)";
				SWIFT_EMIT_LOC_STRINGS = YES;
				SWIFT_VERSION = 5.0;
				TARGETED_DEVICE_FAMILY = "1,2";
			};
			name = Debug;
		};
		FBC5DEC52AA579C700B29CFD /* Release */ = {
			isa = XCBuildConfiguration;
			buildSettings = {
				ASSETCATALOG_COMPILER_APPICON_NAME = AppIcon;
				ASSETCATALOG_COMPILER_GLOBAL_ACCENT_COLOR_NAME = AccentColor;
				CODE_SIGN_STYLE = Automatic;
				CURRENT_PROJECT_VERSION = 1;
				DEVELOPMENT_ASSET_PATHS = "\"CookBookSwiftUI/Preview Content\"";
				DEVELOPMENT_TEAM = 85JY49Q86S;
				ENABLE_PREVIEWS = YES;
				GENERATE_INFOPLIST_FILE = YES;
				INFOPLIST_KEY_UIApplicationSceneManifest_Generation = YES;
				INFOPLIST_KEY_UIApplicationSupportsIndirectInputEvents = YES;
				INFOPLIST_KEY_UILaunchScreen_Generation = YES;
				INFOPLIST_KEY_UISupportedInterfaceOrientations_iPad = "UIInterfaceOrientationPortrait UIInterfaceOrientationPortraitUpsideDown UIInterfaceOrientationLandscapeLeft UIInterfaceOrientationLandscapeRight";
				INFOPLIST_KEY_UISupportedInterfaceOrientations_iPhone = "UIInterfaceOrientationPortrait UIInterfaceOrientationLandscapeLeft UIInterfaceOrientationLandscapeRight";
				IPHONEOS_DEPLOYMENT_TARGET = 16.4;
				LD_RUNPATH_SEARCH_PATHS = (
					"$(inherited)",
					"@executable_path/Frameworks",
				);
				MARKETING_VERSION = 1.0;
				PRODUCT_BUNDLE_IDENTIFIER = com.papon.CookBookSwiftUI;
				PRODUCT_NAME = "$(TARGET_NAME)";
				SWIFT_EMIT_LOC_STRINGS = YES;
				SWIFT_VERSION = 5.0;
				TARGETED_DEVICE_FAMILY = "1,2";
			};
			name = Release;
		};
/* End XCBuildConfiguration section */

/* Begin XCConfigurationList section */
		FBC5DEB02AA579C500B29CFD /* Build configuration list for PBXProject "CookBookSwiftUI" */ = {
			isa = XCConfigurationList;
			buildConfigurations = (
				FBC5DEC12AA579C700B29CFD /* Debug */,
				FBC5DEC22AA579C700B29CFD /* Release */,
			);
			defaultConfigurationIsVisible = 0;
			defaultConfigurationName = Release;
		};
		FBC5DEC32AA579C700B29CFD /* Build configuration list for PBXNativeTarget "CookBookSwiftUI" */ = {
			isa = XCConfigurationList;
			buildConfigurations = (
				FBC5DEC42AA579C700B29CFD /* Debug */,
				FBC5DEC52AA579C700B29CFD /* Release */,
			);
			defaultConfigurationIsVisible = 0;
			defaultConfigurationName = Release;
		};
/* End XCConfigurationList section */
	};
	rootObject = FBC5DEAD2AA579C500B29CFD /* Project object */;
}
